<?xml version="1.0" encoding="utf-8"?>
<Project ToolsVersion="4.0" xmlns="http://schemas.microsoft.com/developer/msbuild/2003">
  <ItemGroup>
    <Filter Include="リソース ファイル">
      <UniqueIdentifier>{67DA6AB6-F800-4c08-8B7A-83BB121AAD01}</UniqueIdentifier>
      <Extensions>rc;ico;cur;bmp;dlg;rc2;rct;bin;rgs;gif;jpg;jpeg;jpe;resx;tiff;tif;png;wav;mfcribbon-ms</Extensions>
    </Filter>
    <Filter Include="system">
      <UniqueIdentifier>{c1437efe-b21e-447a-be33-f37d96748c37}</UniqueIdentifier>
    </Filter>
    <Filter Include="Game">
      <UniqueIdentifier>{1fcc3357-919a-4119-a874-dfb696835c71}</UniqueIdentifier>
    </Filter>
    <Filter Include="system\GameLoop">
      <UniqueIdentifier>{ec0b0bc3-8bd9-4c99-8b0b-2ea3b95f5785}</UniqueIdentifier>
    </Filter>
    <Filter Include="system\Debug">
      <UniqueIdentifier>{f45ae2c6-7a29-454b-9416-4478c960ed1c}</UniqueIdentifier>
    </Filter>
    <Filter Include="system\Debug\Log">
      <UniqueIdentifier>{b7a98f04-56c9-4865-b976-9e31c9825aa4}</UniqueIdentifier>
    </Filter>
    <Filter Include="system\define">
      <UniqueIdentifier>{10c7e383-74ea-4652-aefb-073c91227679}</UniqueIdentifier>
    </Filter>
    <Filter Include="system\define\debug">
      <UniqueIdentifier>{01981671-1510-4273-879b-fdd85b92716d}</UniqueIdentifier>
    </Filter>
    <Filter Include="system\scene">
      <UniqueIdentifier>{71b18d8d-5876-4a4f-8628-8e5f9ef9fc86}</UniqueIdentifier>
    </Filter>
    <Filter Include="system\scene\debug">
      <UniqueIdentifier>{557267a4-d208-4063-89ca-588c56cd3a96}</UniqueIdentifier>
    </Filter>
    <Filter Include="system\scene\base">
      <UniqueIdentifier>{3910d1d1-db6c-4648-86ba-4da59c2cfcc2}</UniqueIdentifier>
    </Filter>
    <Filter Include="system\input">
      <UniqueIdentifier>{e969f416-16f5-4344-9b31-14764a249ef8}</UniqueIdentifier>
    </Filter>
    <Filter Include="system\fps,time">
      <UniqueIdentifier>{74e78201-4d0d-4d08-aaad-1cb8e693f8ec}</UniqueIdentifier>
    </Filter>
    <Filter Include="system\config">
      <UniqueIdentifier>{362b8653-2d22-49ae-a583-eb3496bfc27f}</UniqueIdentifier>
    </Filter>
    <Filter Include="system\random">
      <UniqueIdentifier>{c751136f-ef6d-4ef2-b223-ad5f44b86066}</UniqueIdentifier>
    </Filter>
    <Filter Include="system\resource">
      <UniqueIdentifier>{81120f50-20f8-499f-9b48-65e8cdcd2855}</UniqueIdentifier>
    </Filter>
    <Filter Include="system\resource\texture">
      <UniqueIdentifier>{7cc2ec91-7b02-41b8-a059-8e1af981b272}</UniqueIdentifier>
    </Filter>
    <Filter Include="system\resource\sound">
      <UniqueIdentifier>{e7416030-56d4-49eb-9b57-42a8c79ca283}</UniqueIdentifier>
    </Filter>
    <Filter Include="system\valueTypes">
      <UniqueIdentifier>{261be889-0db3-4fad-9e83-b7c00c99d672}</UniqueIdentifier>
    </Filter>
    <Filter Include="system\status">
      <UniqueIdentifier>{daa7ed46-412f-4ecc-a2d0-8b60605b7d2b}</UniqueIdentifier>
    </Filter>
    <Filter Include="system\collider">
      <UniqueIdentifier>{59576aab-72ef-4aa0-972b-4d49edebd763}</UniqueIdentifier>
    </Filter>
    <Filter Include="system\define\color">
      <UniqueIdentifier>{83f554b4-cf83-45cf-b8c4-43f5ceaf587a}</UniqueIdentifier>
    </Filter>
    <Filter Include="Game\map">
      <UniqueIdentifier>{7f9e74e1-52d1-458e-845c-99323909677a}</UniqueIdentifier>
    </Filter>
    <Filter Include="system\sound">
      <UniqueIdentifier>{fb603782-ec53-4a81-94dc-0a601bd51dcd}</UniqueIdentifier>
    </Filter>
    <Filter Include="system\Save">
      <UniqueIdentifier>{bbf8fa8f-c058-494f-b32b-7c488bd03646}</UniqueIdentifier>
    </Filter>
    <Filter Include="Game\map\MapData">
      <UniqueIdentifier>{0374fbda-c51f-400f-8712-33d71b9f25ca}</UniqueIdentifier>
    </Filter>
    <Filter Include="Game\map\Chip">
      <UniqueIdentifier>{40c4985f-de38-4ca0-b7e1-69e482fe0b84}</UniqueIdentifier>
    </Filter>
    <Filter Include="Game\map\MapDrawer">
      <UniqueIdentifier>{cc71855c-38eb-4c16-8555-5fa4be743220}</UniqueIdentifier>
    </Filter>
    <Filter Include="system\transform">
      <UniqueIdentifier>{e4a24005-8a9b-4bee-8d3b-1059bcef736f}</UniqueIdentifier>
    </Filter>
  </ItemGroup>
  <ItemGroup>
    <ClInclude Include="program\GameManager.h">
      <Filter>system\GameLoop</Filter>
    </ClInclude>
    <ClInclude Include="program\DebugLog.h">
      <Filter>system\Debug\Log</Filter>
    </ClInclude>
    <ClInclude Include="program\debugDef.h">
      <Filter>system\define\debug</Filter>
    </ClInclude>
    <ClInclude Include="program\DebugSceneNum.h">
      <Filter>system\define\debug</Filter>
    </ClInclude>
    <ClInclude Include="program\DebugScene.h">
      <Filter>system\scene\debug</Filter>
    </ClInclude>
    <ClInclude Include="program\sceneBase.h">
      <Filter>system\scene\base</Filter>
    </ClInclude>
    <ClInclude Include="program\input.h">
      <Filter>system\input</Filter>
    </ClInclude>
    <ClInclude Include="program\RemFPS.h">
      <Filter>system\fps,time</Filter>
    </ClInclude>
    <ClInclude Include="program\Time.h">
      <Filter>system\fps,time</Filter>
    </ClInclude>
    <ClInclude Include="program\Random.h">
      <Filter>system\random</Filter>
    </ClInclude>
    <ClInclude Include="program\SoundResource.h">
      <Filter>system\resource\sound</Filter>
    </ClInclude>
    <ClInclude Include="program\SoundResourceMng.h">
      <Filter>system\resource\sound</Filter>
    </ClInclude>
    <ClInclude Include="program\TextureResource.h">
      <Filter>system\resource\texture</Filter>
    </ClInclude>
    <ClInclude Include="program\TextureResourceMng.h">
      <Filter>system\resource\texture</Filter>
    </ClInclude>
    <ClInclude Include="program\vector2d.h">
      <Filter>system\valueTypes</Filter>
    </ClInclude>
    <ClInclude Include="program\flag.h">
      <Filter>system\valueTypes</Filter>
    </ClInclude>
    <ClInclude Include="program\Color.h">
      <Filter>system\valueTypes</Filter>
    </ClInclude>
    <ClInclude Include="program\hp.h">
      <Filter>system\status</Filter>
    </ClInclude>
    <ClInclude Include="program\StatusAlias.h">
      <Filter>system\status</Filter>
    </ClInclude>
    <ClInclude Include="program\power.h">
      <Filter>system\status</Filter>
    </ClInclude>
    <ClInclude Include="program\Collider.h">
      <Filter>system\collider</Filter>
    </ClInclude>
    <ClInclude Include="program\CircleCollider.h">
      <Filter>system\collider</Filter>
    </ClInclude>
    <ClInclude Include="program\CheckCollider.h">
      <Filter>system\collider</Filter>
    </ClInclude>
    <ClInclude Include="program\BoxCollider.h">
      <Filter>system\collider</Filter>
    </ClInclude>
    <ClInclude Include="program\ColliderManager.h">
      <Filter>system\collider</Filter>
    </ClInclude>
    <ClInclude Include="program\ObjectType.h">
      <Filter>system\collider</Filter>
    </ClInclude>
    <ClInclude Include="program\SystemConfig.h">
      <Filter>system\config</Filter>
    </ClInclude>
    <ClInclude Include="program\GetColor.h">
      <Filter>system\define\color</Filter>
    </ClInclude>
    <ClInclude Include="program\SoundManager.h">
      <Filter>system\sound</Filter>
    </ClInclude>
    <ClInclude Include="program\Sound.h">
      <Filter>system\sound</Filter>
    </ClInclude>
    <ClInclude Include="program\SoundType.h">
      <Filter>system\sound</Filter>
    </ClInclude>
    <ClInclude Include="program\SoundPathTable .h">
      <Filter>system\sound</Filter>
    </ClInclude>
    <ClInclude Include="program\MapTile.h">
      <Filter>Game\map\Chip</Filter>
    </ClInclude>
    <ClInclude Include="program\MapLoader.h">
      <Filter>Game\map\MapData</Filter>
    </ClInclude>
    <ClInclude Include="program\MapDrawer.h">
      <Filter>Game\map\MapDrawer</Filter>
    </ClInclude>
    <ClInclude Include="program\SaveData.h">
      <Filter>system\Save</Filter>
    </ClInclude>
    <ClInclude Include="program\transform.h">
      <Filter>system\transform</Filter>
    </ClInclude>
  </ItemGroup>
  <ItemGroup>
    <ClCompile Include="program\GameManager.cpp">
      <Filter>system\GameLoop</Filter>
    </ClCompile>
    <ClCompile Include="program\DebugScene.cpp">
      <Filter>system\scene\debug</Filter>
    </ClCompile>
    <ClCompile Include="program\input.cpp">
      <Filter>system\input</Filter>
    </ClCompile>
    <ClCompile Include="program\Color.cpp">
      <Filter>system\valueTypes</Filter>
    </ClCompile>
    <ClCompile Include="program\Sound.cpp">
      <Filter>system\sound</Filter>
    </ClCompile>
    <ClCompile Include="program\SoundManager.cpp">
      <Filter>system\sound</Filter>
    </ClCompile>
    <ClCompile Include="program\MapLoader.cpp">
      <Filter>Game\map\MapData</Filter>
    </ClCompile>
    <ClCompile Include="program\transform.cpp">
      <Filter>system\transform</Filter>
    </ClCompile>
  </ItemGroup>
</Project>